
Microsoft Visual Studio Solution File, Format Version 12.00
# Visual Studio 15
VisualStudioVersion = 15.0.27130.2036
MinimumVisualStudioVersion = 10.0.40219.1
Project("{8BC9CEB8-8B4A-11D0-8D11-00A0C91BC942}") = "Billboards", "Billboards\Billboards.vcxproj", "{C42AAB8A-51C3-4F9D-A854-B06A9E0BC7ED}"
EndProject
Project("{8BC9CEB8-8B4A-11D0-8D11-00A0C91BC942}") = "GeometryClipmaps", "GeometryClipmaps\GeometryClipmaps.vcxproj", "{A167B943-9CF8-4BA9-841A-ED8B2CF5A66A}"
EndProject
Project("{8BC9CEB8-8B4A-11D0-8D11-00A0C91BC942}") = "FXAA", "FXAA\FXAA.vcxproj", "{BD0E6116-73CE-4F81-94E8-3B82FEB323AE}"
EndProject
Project("{8BC9CEB8-8B4A-11D0-8D11-00A0C91BC942}") = "SSAO", "SSAO\SSAO.vcxproj", "{C4EE1B0B-F03D-47C7-980A-65AC4E85D2B1}"
EndProject
Project("{8BC9CEB8-8B4A-11D0-8D11-00A0C91BC942}") = "ShadowMaps", "ShadowMaps\ShadowMaps.vcxproj", "{024BE4B4-CD16-4E25-946F-FB70E685DA1C}"
EndProject
Project("{8BC9CEB8-8B4A-11D0-8D11-00A0C91BC942}") = "SkinnedAnimation", "SkinnedAnimation\SkinnedAnimation.vcxproj", "{C6DD2EA2-5BE9-4E88-B4A4-EADA643CF715}"
EndProject
Project("{8BC9CEB8-8B4A-11D0-8D11-00A0C91BC942}") = "InverseKinematics", "InverseKinematics\InverseKinematics.vcxproj", "{12F30380-D07F-4C1C-9B01-E40F551B0B25}"
EndProject
Global
	GlobalSection(SolutionConfigurationPlatforms) = preSolution
		Debug|x64 = Debug|x64
		Release|x64 = Release|x64
	EndGlobalSection
	GlobalSection(ProjectConfigurationPlatforms) = postSolution
		{C42AAB8A-51C3-4F9D-A854-B06A9E0BC7ED}.Debug|x64.ActiveCfg = Debug|x64
		{C42AAB8A-51C3-4F9D-A854-B06A9E0BC7ED}.Debug|x64.Build.0 = Debug|x64
		{C42AAB8A-51C3-4F9D-A854-B06A9E0BC7ED}.Release|x64.ActiveCfg = Release|x64
		{C42AAB8A-51C3-4F9D-A854-B06A9E0BC7ED}.Release|x64.Build.0 = Release|x64
		{A167B943-9CF8-4BA9-841A-ED8B2CF5A66A}.Debug|x64.ActiveCfg = Debug|x64
		{A167B943-9CF8-4BA9-841A-ED8B2CF5A66A}.Debug|x64.Build.0 = Debug|x64
		{A167B943-9CF8-4BA9-841A-ED8B2CF5A66A}.Release|x64.ActiveCfg = Release|x64
		{A167B943-9CF8-4BA9-841A-ED8B2CF5A66A}.Release|x64.Build.0 = Release|x64
		{BD0E6116-73CE-4F81-94E8-3B82FEB323AE}.Debug|x64.ActiveCfg = Debug|x64
		{BD0E6116-73CE-4F81-94E8-3B82FEB323AE}.Debug|x64.Build.0 = Debug|x64
		{BD0E6116-73CE-4F81-94E8-3B82FEB323AE}.Release|x64.ActiveCfg = Release|x64
		{BD0E6116-73CE-4F81-94E8-3B82FEB323AE}.Release|x64.Build.0 = Release|x64
		{C4EE1B0B-F03D-47C7-980A-65AC4E85D2B1}.Debug|x64.ActiveCfg = Debug|x64
		{C4EE1B0B-F03D-47C7-980A-65AC4E85D2B1}.Debug|x64.Build.0 = Debug|x64
		{C4EE1B0B-F03D-47C7-980A-65AC4E85D2B1}.Release|x64.ActiveCfg = Release|x64
		{C4EE1B0B-F03D-47C7-980A-65AC4E85D2B1}.Release|x64.Build.0 = Release|x64
		{024BE4B4-CD16-4E25-946F-FB70E685DA1C}.Debug|x64.ActiveCfg = Debug|x64
		{024BE4B4-CD16-4E25-946F-FB70E685DA1C}.Debug|x64.Build.0 = Debug|x64
		{024BE4B4-CD16-4E25-946F-FB70E685DA1C}.Release|x64.ActiveCfg = Release|x64
		{024BE4B4-CD16-4E25-946F-FB70E685DA1C}.Release|x64.Build.0 = Release|x64
		{C6DD2EA2-5BE9-4E88-B4A4-EADA643CF715}.Debug|x64.ActiveCfg = Debug|x64
		{C6DD2EA2-5BE9-4E88-B4A4-EADA643CF715}.Debug|x64.Build.0 = Debug|x64
		{C6DD2EA2-5BE9-4E88-B4A4-EADA643CF715}.Release|x64.ActiveCfg = Release|x64
		{C6DD2EA2-5BE9-4E88-B4A4-EADA643CF715}.Release|x64.Build.0 = Release|x64
		{12F30380-D07F-4C1C-9B01-E40F551B0B25}.Debug|x64.ActiveCfg = Debug|x64
		{12F30380-D07F-4C1C-9B01-E40F551B0B25}.Debug|x64.Build.0 = Debug|x64
		{12F30380-D07F-4C1C-9B01-E40F551B0B25}.Release|x64.ActiveCfg = Release|x64
		{12F30380-D07F-4C1C-9B01-E40F551B0B25}.Release|x64.Build.0 = Release|x64
	EndGlobalSection
	GlobalSection(SolutionProperties) = preSolution
		HideSolutionNode = FALSE
	EndGlobalSection
	GlobalSection(ExtensibilityGlobals) = postSolution
		SolutionGuid = {D2539D3B-F5AE-43E7-A7BD-44CFFC54412A}
	EndGlobalSection
EndGlobal
